{
  "name": "server",
  "version": "1.0.0",
  "lockfileVersion": 1,
  "requires": true,
  "dependencies": {
    "@jarvis-catalyst/mockserver": {
      "version": "1.0.14",
      "resolved": "https://registry.npmjs.org/@jarvis-catalyst/mockserver/-/mockserver-1.0.14.tgz",
      "integrity": "sha512-yzEuml/Xpk+9N9k1RHOrL2B/tqeAhrq1IUXUFPWjYk1kZT7USrNRq6co5cUtq79hKiKBMHGPmh5j3aIAAJGLRA=="
    }
  }
}
